// !$*UTF8*$!
{
	archiveVersion = 1;
	classes = {
	};
	objectVersion = 46;
	objects = {

/* Begin PBXBuildFile section */
		B1323FDA1E092DC60019236C /* AppDelegate.swift in Sources */ = {isa = PBXBuildFile; fileRef = B1323FD91E092DC60019236C /* AppDelegate.swift */; };
		B1323FDC1E092DC60019236C /* ViewController.swift in Sources */ = {isa = PBXBuildFile; fileRef = B1323FDB1E092DC60019236C /* ViewController.swift */; };
		B1323FDF1E092DC60019236C /* Main.storyboard in Resources */ = {isa = PBXBuildFile; fileRef = B1323FDD1E092DC60019236C /* Main.storyboard */; };
		B1323FE11E092DC60019236C /* Assets.xcassets in Resources */ = {isa = PBXBuildFile; fileRef = B1323FE01E092DC60019236C /* Assets.xcassets */; };
		B1323FE41E092DC60019236C /* LaunchScreen.storyboard in Resources */ = {isa = PBXBuildFile; fileRef = B1323FE21E092DC60019236C /* LaunchScreen.storyboard */; };
		B1323FEF1E092DC60019236C /* My_WeatherTests.swift in Sources */ = {isa = PBXBuildFile; fileRef = B1323FEE1E092DC60019236C /* My_WeatherTests.swift */; };
/* End PBXBuildFile section */

/* Begin PBXContainerItemProxy section */
		B1323FEB1E092DC60019236C /* PBXContainerItemProxy */ = {
			isa = PBXContainerItemProxy;
			containerPortal = B1323FCE1E092DC60019236C /* Project object */;
			proxyType = 1;
			remoteGlobalIDString = B1323FD51E092DC60019236C;
			remoteInfo = "My Weather";
		};
/* End PBXContainerItemProxy section */

/* Begin PBXFileReference section */
		B1323FD61E092DC60019236C /* My Weather.app */ = {isa = PBXFileReference; explicitFileType = wrapper.application; includeInIndex = 0; path = "My Weather.app"; sourceTree = BUILT_PRODUCTS_DIR; };
		B1323FD91E092DC60019236C /* AppDelegate.swift */ = {isa = PBXFileReference; lastKnownFileType = sourcecode.swift; path = AppDelegate.swift; sourceTree = "<group>"; };
		B1323FDB1E092DC60019236C /* ViewController.swift */ = {isa = PBXFileReference; lastKnownFileType = sourcecode.swift; path = ViewController.swift; sourceTree = "<group>"; };
		B1323FDE1E092DC60019236C /* Base */ = {isa = PBXFileReference; lastKnownFileType = file.storyboard; name = Base; path = Base.lproj/Main.storyboard; sourceTree = "<group>"; };
		B1323FE01E092DC60019236C /* Assets.xcassets */ = {isa = PBXFileReference; lastKnownFileType = folder.assetcatalog; path = Assets.xcassets; sourceTree = "<group>"; };
		B1323FE31E092DC60019236C /* Base */ = {isa = PBXFileReference; lastKnownFileType = file.storyboard; name = Base; path = Base.lproj/LaunchScreen.storyboard; sourceTree = "<group>"; };
		B1323FE51E092DC60019236C /* Info.plist */ = {isa = PBXFileReference; lastKnownFileType = text.plist.xml; path = Info.plist; sourceTree = "<group>"; };
		B1323FEA1E092DC60019236C /* My WeatherTests.xctest */ = {isa = PBXFileReference; explicitFileType = wrapper.cfbundle; includeInIndex = 0; path = "My WeatherTests.xctest"; sourceTree = BUILT_PRODUCTS_DIR; };
		B1323FEE1E092DC60019236C /* My_WeatherTests.swift */ = {isa = PBXFileReference; lastKnownFileType = sourcecode.swift; path = My_WeatherTests.swift; sourceTree = "<group>"; };
		B1323FF01E092DC60019236C /* Info.plist */ = {isa = PBXFileReference; lastKnownFileType = text.plist.xml; path = Info.plist; sourceTree = "<group>"; };
/* End PBXFileReference section */

/* Begin PBXFrameworksBuildPhase section */
		B1323FD31E092DC60019236C /* Frameworks */ = {
			isa = PBXFrameworksBuildPhase;
			buildActionMask = 2147483647;
			files = (
			);
			runOnlyForDeploymentPostprocessing = 0;
		};
		B1323FE71E092DC60019236C /* Frameworks */ = {
			isa = PBXFrameworksBuildPhase;
			buildActionMask = 2147483647;
			files = (
			);
			runOnlyForDeploymentPostprocessing = 0;
		};
/* End PBXFrameworksBuildPhase section */

/* Begin PBXGroup section */
		B1323FCD1E092DC60019236C = {
			isa = PBXGroup;
			children = (
				B1323FD81E092DC60019236C /* My Weather */,
				B1323FED1E092DC60019236C /* My WeatherTests */,
				B1323FD71E092DC60019236C /* Products */,
			);
			sourceTree = "<group>";
		};
		B1323FD71E092DC60019236C /* Products */ = {
			isa = PBXGroup;
			children = (
				B1323FD61E092DC60019236C /* My Weather.app */,
				B1323FEA1E092DC60019236C /* My WeatherTests.xctest */,
			);
			name = Products;
			sourceTree = "<group>";
		};
		B1323FD81E092DC60019236C /* My Weather */ = {
			isa = PBXGroup;
			children = (
				B1323FD91E092DC60019236C /* AppDelegate.swift */,
				B1323FDB1E092DC60019236C /* ViewController.swift */,
				B1323FDD1E092DC60019236C /* Main.storyboard */,
				B1323FE01E092DC60019236C /* Assets.xcassets */,
				B1323FE21E092DC60019236C /* LaunchScreen.storyboard */,
				B1323FE51E092DC60019236C /* Info.plist */,
			);
			path = "My Weather";
			sourceTree = "<group>";
		};
		B1323FED1E092DC60019236C /* My WeatherTests */ = {
			isa = PBXGroup;
			children = (
				B1323FEE1E092DC60019236C /* My_WeatherTests.swift */,
				B1323FF01E092DC60019236C /* Info.plist */,
			);
			path = "My WeatherTests";
			sourceTree = "<group>";
		};
/* End PBXGroup section */

/* Begin PBXNativeTarget section */
		B1323FD51E092DC60019236C /* My Weather */ = {
			isa = PBXNativeTarget;
			buildConfigurationList = B1323FF31E092DC60019236C /* Build configuration list for PBXNativeTarget "My Weather" */;
			buildPhases = (
				B1323FD21E092DC60019236C /* Sources */,
				B1323FD31E092DC60019236C /* Frameworks */,
				B1323FD41E092DC60019236C /* Resources */,
			);
			buildRules = (
			);
			dependencies = (
			);
			name = "My Weather";
			productName = "My Weather";
			productReference = B1323FD61E092DC60019236C /* My Weather.app */;
			productType = "com.apple.product-type.application";
		};
		B1323FE91E092DC60019236C /* My WeatherTests */ = {
			isa = PBXNativeTarget;
			buildConfigurationList = B1323FF61E092DC60019236C /* Build configuration list for PBXNativeTarget "My WeatherTests" */;
			buildPhases = (
				B1323FE61E092DC60019236C /* Sources */,
				B1323FE71E092DC60019236C /* Frameworks */,
				B1323FE81E092DC60019236C /* Resources */,
			);
			buildRules = (
			);
			dependencies = (
				B1323FEC1E092DC60019236C /* PBXTargetDependency */,
			);
			name = "My WeatherTests";
			productName = "My WeatherTests";
			productReference = B1323FEA1E092DC60019236C /* My WeatherTests.xctest */;
			productType = "com.apple.product-type.bundle.unit-test";
		};
/* End PBXNativeTarget section */

/* Begin PBXProject section */
		B1323FCE1E092DC60019236C /* Project object */ = {
			isa = PBXProject;
			attributes = {
				LastSwiftUpdateCheck = 0820;
				LastUpgradeCheck = 0820;
				ORGANIZATIONNAME = Webiaturist;
				TargetAttributes = {
					B1323FD51E092DC60019236C = {
						CreatedOnToolsVersion = 8.2;
						DevelopmentTeam = 87SPWUHL9K;
						ProvisioningStyle = Automatic;
					};
					B1323FE91E092DC60019236C = {
						CreatedOnToolsVersion = 8.2;
						DevelopmentTeam = 87SPWUHL9K;
						ProvisioningStyle = Automatic;
						TestTargetID = B1323FD51E092DC60019236C;
					};
				};
			};
			buildConfigurationList = B1323FD11E092DC60019236C /* Build configuration list for PBXProject "My Weather" */;
			compatibilityVersion = "Xcode 3.2";
			developmentRegion = English;
			hasScannedForEncodings = 0;
			knownRegions = (
				en,
				Base,
			);
			mainGroup = B1323FCD1E092DC60019236C;
			productRefGroup = B1323FD71E092DC60019236C /* Products */;
			projectDirPath = "";
			projectRoot = "";
			targets = (
				B1323FD51E092DC60019236C /* My Weather */,
				B1323FE91E092DC60019236C /* My WeatherTests */,
			);
		};
/* End PBXProject section */

/* Begin PBXResourcesBuildPhase section */
		B1323FD41E092DC60019236C /* Resources */ = {
			isa = PBXResourcesBuildPhase;
			buildActionMask = 2147483647;
			files = (
				B1323FE41E092DC60019236C /* LaunchScreen.storyboard in Resources */,
				B1323FE11E092DC60019236C /* Assets.xcassets in Resources */,
				B1323FDF1E092DC60019236C /* Main.storyboard in Resources */,
			);
			runOnlyForDeploymentPostprocessing = 0;
		};
		B1323FE81E092DC60019236C /* Resources */ = {
			isa = PBXResourcesBuildPhase;
			buildActionMask = 2147483647;
			files = (
			);
			runOnlyForDeploymentPostprocessing = 0;
		};
/* End PBXResourcesBuildPhase section */

/* Begin PBXSourcesBuildPhase section */
		B1323FD21E092DC60019236C /* Sources */ = {
			isa = PBXSourcesBuildPhase;
			buildActionMask = 2147483647;
			files = (
				B1323FDC1E092DC60019236C /* ViewController.swift in Sources */,
				B1323FDA1E092DC60019236C /* AppDelegate.swift in Sources */,
			);
			runOnlyForDeploymentPostprocessing = 0;
		};
		B1323FE61E092DC60019236C /* Sources */ = {
			isa = PBXSourcesBuildPhase;
			buildActionMask = 2147483647;
			files = (
				B1323FEF1E092DC60019236C /* My_WeatherTests.swift in Sources */,
			);
			runOnlyForDeploymentPostprocessing = 0;
		};
/* End PBXSourcesBuildPhase section */

/* Begin PBXTargetDependency section */
		B1323FEC1E092DC60019236C /* PBXTargetDependency */ = {
			isa = PBXTargetDependency;
			target = B1323FD51E092DC60019236C /* My Weather */;
			targetProxy = B1323FEB1E092DC60019236C /* PBXContainerItemProxy */;
		};
/* End PBXTargetDependency section */

/* Begin PBXVariantGroup section */
		B1323FDD1E092DC60019236C /* Main.storyboard */ = {
			isa = PBXVariantGroup;
			children = (
				B1323FDE1E092DC60019236C /* Base */,
			);
			name = Main.storyboard;
			sourceTree = "<group>";
		};
		B1323FE21E092DC60019236C /* LaunchScreen.storyboard */ = {
			isa = PBXVariantGroup;
			children = (
				B1323FE31E092DC60019236C /* Base */,
			);
			name = LaunchScreen.storyboard;
			sourceTree = "<group>";
		};
/* End PBXVariantGroup section */

/* Begin XCBuildConfiguration section */
		B1323FF11E092DC60019236C /* Debug */ = {
			isa = XCBuildConfiguration;
			buildSettings = {
				ALWAYS_SEARCH_USER_PATHS = NO;
				CLANG_ANALYZER_NONNULL = YES;
				CLANG_CXX_LANGUAGE_STANDARD = "gnu++0x";
				CLANG_CXX_LIBRARY = "libc++";
				CLANG_ENABLE_MODULES = YES;
				CLANG_ENABLE_OBJC_ARC = YES;
				CLANG_WARN_BOOL_CONVERSION = YES;
				CLANG_WARN_CONSTANT_CONVERSION = YES;
				CLANG_WARN_DIRECT_OBJC_ISA_USAGE = YES_ERROR;
				CLANG_WARN_DOCUMENTATION_COMMENTS = YES;
				CLANG_WARN_EMPTY_BODY = YES;
				CLANG_WARN_ENUM_CONVERSION = YES;
				CLANG_WARN_INFINITE_RECURSION = YES;
				CLANG_WARN_INT_CONVERSION = YES;
				CLANG_WARN_OBJC_ROOT_CLASS = YES_ERROR;
				CLANG_WARN_SUSPICIOUS_MOVE = YES;
				CLANG_WARN_UNREACHABLE_CODE = YES;
				CLANG_WARN__DUPLICATE_METHOD_MATCH = YES;
				"CODE_SIGN_IDENTITY[sdk=iphoneos*]" = "iPhone Developer";
				COPY_PHASE_STRIP = NO;
				DEBUG_INFORMATION_FORMAT = dwarf;
				ENABLE_STRICT_OBJC_MSGSEND = YES;
				ENABLE_TESTABILITY = YES;
				GCC_C_LANGUAGE_STANDARD = gnu99;
				GCC_DYNAMIC_NO_PIC = NO;
				GCC_NO_COMMON_BLOCKS = YES;
				GCC_OPTIMIZATION_LEVEL = 0;
				GCC_PREPROCESSOR_DEFINITIONS = (
					"DEBUG=1",
					"$(inherited)",
				);
				GCC_WARN_64_TO_32_BIT_CONVERSION = YES;
				GCC_WARN_ABOUT_RETURN_TYPE = YES_ERROR;
				GCC_WARN_UNDECLARED_SELECTOR = YES;
				GCC_WARN_UNINITIALIZED_AUTOS = YES_AGGRESSIVE;
				GCC_WARN_UNUSED_FUNCTION = YES;
				GCC_WARN_UNUSED_VARIABLE = YES;
				IPHONEOS_DEPLOYMENT_TARGET = 10.2;
				MTL_ENABLE_DEBUG_INFO = YES;
				ONLY_ACTIVE_ARCH = YES;
				SDKROOT = iphoneos;
				SWIFT_ACTIVE_COMPILATION_CONDITIONS = DEBUG;
				SWIFT_OPTIMIZATION_LEVEL = "-Onone";
				TARGETED_DEVICE_FAMILY = "1,2";
			};
			name = Debug;
		};
		B1323FF21E092DC60019236C /* Release */ = {
			isa = XCBuildConfiguration;
			buildSettings = {
				ALWAYS_SEARCH_USER_PATHS = NO;
				CLANG_ANALYZER_NONNULL = YES;
				CLANG_CXX_LANGUAGE_STANDARD = "gnu++0x";
				CLANG_CXX_LIBRARY = "libc++";
				CLANG_ENABLE_MODULES = YES;
				CLANG_ENABLE_OBJC_ARC = YES;
				CLANG_WARN_BOOL_CONVERSION = YES;
				CLANG_WARN_CONSTANT_CONVERSION = YES;
				CLANG_WARN_DIRECT_OBJC_ISA_USAGE = YES_ERROR;
				CLANG_WARN_DOCUMENTATION_COMMENTS = YES;
				CLANG_WARN_EMPTY_BODY = YES;
				CLANG_WARN_ENUM_CONVERSION = YES;
				CLANG_WARN_INFINITE_RECURSION = YES;
				CLANG_WARN_INT_CONVERSION = YES;
				CLANG_WARN_OBJC_ROOT_CLASS = YES_ERROR;
				CLANG_WARN_SUSPICIOUS_MOVE = YES;
				CLANG_WARN_UNREACHABLE_CODE = YES;
				CLANG_WARN__DUPLICATE_METHOD_MATCH = YES;
				"CODE_SIGN_IDENTITY[sdk=iphoneos*]" = "iPhone Developer";
				COPY_PHASE_STRIP = NO;
				DEBUG_INFORMATION_FORMAT = "dwarf-with-dsym";
				ENABLE_NS_ASSERTIONS = NO;
				ENABLE_STRICT_OBJC_MSGSEND = YES;
				GCC_C_LANGUAGE_STANDARD = gnu99;
				GCC_NO_COMMON_BLOCKS = YES;
				GCC_WARN_64_TO_32_BIT_CONVERSION = YES;
				GCC_WARN_ABOUT_RETURN_TYPE = YES_ERROR;
				GCC_WARN_UNDECLARED_SELECTOR = YES;
				GCC_WARN_UNINITIALIZED_AUTOS = YES_AGGRESSIVE;
				GCC_WARN_UNUSED_FUNCTION = YES;
				GCC_WARN_UNUSED_VARIABLE = YES;
				IPHONEOS_DEPLOYMENT_TARGET = 10.2;
				MTL_ENABLE_DEBUG_INFO = NO;
				SDKROOT = iphoneos;
				SWIFT_OPTIMIZATION_LEVEL = "-Owholemodule";
				TARGETED_DEVICE_FAMILY = "1,2";
				VALIDATE_PRODUCT = YES;
			};
			name = Release;
		};
		B1323FF41E092DC60019236C /* Debug */ = {
			isa = XCBuildConfiguration;
			buildSettings = {
				ASSETCATALOG_COMPILER_APPICON_NAME = AppIcon;
				DEVELOPMENT_TEAM = 87SPWUHL9K;
				INFOPLIST_FILE = "My Weather/Info.plist";
				LD_RUNPATH_SEARCH_PATHS = "$(inherited) @executable_path/Frameworks";
				PRODUCT_BUNDLE_IDENTIFIER = "com.example.My-Weather";
				PRODUCT_NAME = "$(TARGET_NAME)";
				SWIFT_VERSION = 3.0;
			};
			name = Debug;
		};
		B1323FF51E092DC60019236C /* Release */ = {
			isa = XCBuildConfiguration;
			buildSettings = {
				ASSETCATALOG_COMPILER_APPICON_NAME = AppIcon;
				DEVELOPMENT_TEAM = 87SPWUHL9K;
				INFOPLIST_FILE = "My Weather/Info.plist";
				LD_RUNPATH_SEARCH_PATHS = "$(inherited) @executable_path/Frameworks";
				PRODUCT_BUNDLE_IDENTIFIER = "com.example.My-Weather";
				PRODUCT_NAME = "$(TARGET_NAME)";
				SWIFT_VERSION = 3.0;
			};
			name = Release;
		};
		B1323FF71E092DC60019236C /* Debug */ = {
			isa = XCBuildConfiguration;
			buildSettings = {
				ALWAYS_EMBED_SWIFT_STANDARD_LIBRARIES = YES;
				BUNDLE_LOADER = "$(TEST_HOST)";
				DEVELOPMENT_TEAM = 87SPWUHL9K;
				INFOPLIST_FILE = "My WeatherTests/Info.plist";
				LD_RUNPATH_SEARCH_PATHS = "$(inherited) @executable_path/Frameworks @loader_path/Frameworks";
				PRODUCT_BUNDLE_IDENTIFIER = "com.example.My-WeatherTests";
				PRODUCT_NAME = "$(TARGET_NAME)";
				SWIFT_VERSION = 3.0;
				TEST_HOST = "$(BUILT_PRODUCTS_DIR)/My Weather.app/My Weather";
			};
			name = Debug;
		};
		B1323FF81E092DC60019236C /* Release */ = {
			isa = XCBuildConfiguration;
			buildSettings = {
				ALWAYS_EMBED_SWIFT_STANDARD_LIBRARIES = YES;
				BUNDLE_LOADER = "$(TEST_HOST)";
				DEVELOPMENT_TEAM = 87SPWUHL9K;
				INFOPLIST_FILE = "My WeatherTests/Info.plist";
				LD_RUNPATH_SEARCH_PATHS = "$(inherited) @executable_path/Frameworks @loader_path/Frameworks";
				PRODUCT_BUNDLE_IDENTIFIER = "com.example.My-WeatherTests";
				PRODUCT_NAME = "$(TARGET_NAME)";
				SWIFT_VERSION = 3.0;
				TEST_HOST = "$(BUILT_PRODUCTS_DIR)/My Weather.app/My Weather";
			};
			name = Release;
		};
/* End XCBuildConfiguration section */

/* Begin XCConfigurationList section */
		B1323FD11E092DC60019236C /* Build configuration list for PBXProject "My Weather" */ = {
			isa = XCConfigurationList;
			buildConfigurations = (
				B1323FF11E092DC60019236C /* Debug */,
				B1323FF21E092DC60019236C /* Release */,
			);
			defaultConfigurationIsVisible = 0;
			defaultConfigurationName = Release;
		};
		B1323FF31E092DC60019236C /* Build configuration list for PBXNativeTarget "My Weather" */ = {
			isa = XCConfigurationList;
			buildConfigurations = (
				B1323FF41E092DC60019236C /* Debug */,
				B1323FF51E092DC60019236C /* Release */,
			);
			defaultConfigurationIsVisible = 0;
		};
		B1323FF61E092DC60019236C /* Build configuration list for PBXNativeTarget "My WeatherTests" */ = {
			isa = XCConfigurationList;
			buildConfigurations = (
				B1323FF71E092DC60019236C /* Debug */,
				B1323FF81E092DC60019236C /* Release */,
			);
			defaultConfigurationIsVisible = 0;
		};
/* End XCConfigurationList section */
	};
	rootObject = B1323FCE1E092DC60019236C /* Project object */;
}
