// !$*UTF8*$!
{
	archiveVersion = 1;
	classes = {
	};
	objectVersion = 46;
	objects = {

/* Begin PBXBuildFile section */
		5168AB5BFBA4EE2EE145039F /* Pods_My_Weather.framework in Frameworks */ = {isa = PBXBuildFile; fileRef = 8D2C4BEB5C61594C14389BD2 /* Pods_My_Weather.framework */; };
		B1323FDA1E092DC60019236C /* AppDelegate.swift in Sources */ = {isa = PBXBuildFile; fileRef = B1323FD91E092DC60019236C /* AppDelegate.swift */; };
		B1323FDC1E092DC60019236C /* WeatherVC.swift in Sources */ = {isa = PBXBuildFile; fileRef = B1323FDB1E092DC60019236C /* WeatherVC.swift */; };
		B1323FDF1E092DC60019236C /* Main.storyboard in Resources */ = {isa = PBXBuildFile; fileRef = B1323FDD1E092DC60019236C /* Main.storyboard */; };
		B1323FE11E092DC60019236C /* Assets.xcassets in Resources */ = {isa = PBXBuildFile; fileRef = B1323FE01E092DC60019236C /* Assets.xcassets */; };
		B1323FE41E092DC60019236C /* LaunchScreen.storyboard in Resources */ = {isa = PBXBuildFile; fileRef = B1323FE21E092DC60019236C /* LaunchScreen.storyboard */; };
		B1323FEF1E092DC60019236C /* My_WeatherTests.swift in Sources */ = {isa = PBXBuildFile; fileRef = B1323FEE1E092DC60019236C /* My_WeatherTests.swift */; };
		B16ACDA61E12D35F00A9BDEA /* Location.swift in Sources */ = {isa = PBXBuildFile; fileRef = B16ACDA51E12D35F00A9BDEA /* Location.swift */; };
		B1C2CBBE1E10433B00BAF819 /* Forcast.swift in Sources */ = {isa = PBXBuildFile; fileRef = B1C2CBBD1E10433B00BAF819 /* Forcast.swift */; };
		B1C33F8E1E1175AC00C80E6A /* WeatherCell.swift in Sources */ = {isa = PBXBuildFile; fileRef = B1C33F8D1E1175AC00C80E6A /* WeatherCell.swift */; };
		B1C7CD231E0ED18100972DCE /* CurrentWeather.swift in Sources */ = {isa = PBXBuildFile; fileRef = B1C7CD221E0ED18100972DCE /* CurrentWeather.swift */; };
		B1CB86DD1E0C66A60015FCC7 /* Constants.swift in Sources */ = {isa = PBXBuildFile; fileRef = B1CB86DC1E0C66A60015FCC7 /* Constants.swift */; };
/* End PBXBuildFile section */

/* Begin PBXContainerItemProxy section */
		B1323FEB1E092DC60019236C /* PBXContainerItemProxy */ = {
			isa = PBXContainerItemProxy;
			containerPortal = B1323FCE1E092DC60019236C /* Project object */;
			proxyType = 1;
			remoteGlobalIDString = B1323FD51E092DC60019236C;
			remoteInfo = "My Weather";
		};
/* End PBXContainerItemProxy section */

/* Begin PBXFileReference section */
		7CBDCD080127897A23D808D6 /* Pods-My Weather.release.xcconfig */ = {isa = PBXFileReference; includeInIndex = 1; lastKnownFileType = text.xcconfig; name = "Pods-My Weather.release.xcconfig"; path = "Pods/Target Support Files/Pods-My Weather/Pods-My Weather.release.xcconfig"; sourceTree = "<group>"; };
		8D2C4BEB5C61594C14389BD2 /* Pods_My_Weather.framework */ = {isa = PBXFileReference; explicitFileType = wrapper.framework; includeInIndex = 0; path = Pods_My_Weather.framework; sourceTree = BUILT_PRODUCTS_DIR; };
		B1323FD61E092DC60019236C /* My Weather.app */ = {isa = PBXFileReference; explicitFileType = wrapper.application; includeInIndex = 0; path = "My Weather.app"; sourceTree = BUILT_PRODUCTS_DIR; };
		B1323FD91E092DC60019236C /* AppDelegate.swift */ = {isa = PBXFileReference; lastKnownFileType = sourcecode.swift; path = AppDelegate.swift; sourceTree = "<group>"; };
		B1323FDB1E092DC60019236C /* WeatherVC.swift */ = {isa = PBXFileReference; lastKnownFileType = sourcecode.swift; path = WeatherVC.swift; sourceTree = "<group>"; };
		B1323FDE1E092DC60019236C /* Base */ = {isa = PBXFileReference; lastKnownFileType = file.storyboard; name = Base; path = Base.lproj/Main.storyboard; sourceTree = "<group>"; };
		B1323FE01E092DC60019236C /* Assets.xcassets */ = {isa = PBXFileReference; lastKnownFileType = folder.assetcatalog; path = Assets.xcassets; sourceTree = "<group>"; };
		B1323FE31E092DC60019236C /* Base */ = {isa = PBXFileReference; lastKnownFileType = file.storyboard; name = Base; path = Base.lproj/LaunchScreen.storyboard; sourceTree = "<group>"; };
		B1323FE51E092DC60019236C /* Info.plist */ = {isa = PBXFileReference; lastKnownFileType = text.plist.xml; path = Info.plist; sourceTree = "<group>"; };
		B1323FEA1E092DC60019236C /* My WeatherTests.xctest */ = {isa = PBXFileReference; explicitFileType = wrapper.cfbundle; includeInIndex = 0; path = "My WeatherTests.xctest"; sourceTree = BUILT_PRODUCTS_DIR; };
		B1323FEE1E092DC60019236C /* My_WeatherTests.swift */ = {isa = PBXFileReference; lastKnownFileType = sourcecode.swift; path = My_WeatherTests.swift; sourceTree = "<group>"; };
		B1323FF01E092DC60019236C /* Info.plist */ = {isa = PBXFileReference; lastKnownFileType = text.plist.xml; path = Info.plist; sourceTree = "<group>"; };
		B16ACDA51E12D35F00A9BDEA /* Location.swift */ = {isa = PBXFileReference; fileEncoding = 4; lastKnownFileType = sourcecode.swift; path = Location.swift; sourceTree = "<group>"; };
		B1C2CBBD1E10433B00BAF819 /* Forcast.swift */ = {isa = PBXFileReference; fileEncoding = 4; lastKnownFileType = sourcecode.swift; path = Forcast.swift; sourceTree = "<group>"; };
		B1C33F8D1E1175AC00C80E6A /* WeatherCell.swift */ = {isa = PBXFileReference; fileEncoding = 4; lastKnownFileType = sourcecode.swift; path = WeatherCell.swift; sourceTree = "<group>"; };
		B1C7CD221E0ED18100972DCE /* CurrentWeather.swift */ = {isa = PBXFileReference; fileEncoding = 4; lastKnownFileType = sourcecode.swift; path = CurrentWeather.swift; sourceTree = "<group>"; };
		B1CB86DC1E0C66A60015FCC7 /* Constants.swift */ = {isa = PBXFileReference; fileEncoding = 4; lastKnownFileType = sourcecode.swift; path = Constants.swift; sourceTree = "<group>"; };
		BF861CE03AE9E22363118E3A /* Pods-My Weather.debug.xcconfig */ = {isa = PBXFileReference; includeInIndex = 1; lastKnownFileType = text.xcconfig; name = "Pods-My Weather.debug.xcconfig"; path = "Pods/Target Support Files/Pods-My Weather/Pods-My Weather.debug.xcconfig"; sourceTree = "<group>"; };
/* End PBXFileReference section */

/* Begin PBXFrameworksBuildPhase section */
		B1323FD31E092DC60019236C /* Frameworks */ = {
			isa = PBXFrameworksBuildPhase;
			buildActionMask = 2147483647;
			files = (
				5168AB5BFBA4EE2EE145039F /* Pods_My_Weather.framework in Frameworks */,
			);
			runOnlyForDeploymentPostprocessing = 0;
		};
		B1323FE71E092DC60019236C /* Frameworks */ = {
			isa = PBXFrameworksBuildPhase;
			buildActionMask = 2147483647;
			files = (
			);
			runOnlyForDeploymentPostprocessing = 0;
		};
/* End PBXFrameworksBuildPhase section */

/* Begin PBXGroup section */
		7FC48387DC7C573B0DC34002 /* Frameworks */ = {
			isa = PBXGroup;
			children = (
				8D2C4BEB5C61594C14389BD2 /* Pods_My_Weather.framework */,
			);
			name = Frameworks;
			sourceTree = "<group>";
		};
		8EB46F3A85F148E9DEF53AF9 /* Pods */ = {
			isa = PBXGroup;
			children = (
				BF861CE03AE9E22363118E3A /* Pods-My Weather.debug.xcconfig */,
				7CBDCD080127897A23D808D6 /* Pods-My Weather.release.xcconfig */,
			);
			name = Pods;
			sourceTree = "<group>";
		};
		B1323FCD1E092DC60019236C = {
			isa = PBXGroup;
			children = (
				B1323FD81E092DC60019236C /* My Weather */,
				B1323FED1E092DC60019236C /* My WeatherTests */,
				B1323FD71E092DC60019236C /* Products */,
				8EB46F3A85F148E9DEF53AF9 /* Pods */,
				7FC48387DC7C573B0DC34002 /* Frameworks */,
			);
			sourceTree = "<group>";
		};
		B1323FD71E092DC60019236C /* Products */ = {
			isa = PBXGroup;
			children = (
				B1323FD61E092DC60019236C /* My Weather.app */,
				B1323FEA1E092DC60019236C /* My WeatherTests.xctest */,
			);
			name = Products;
			sourceTree = "<group>";
		};
		B1323FD81E092DC60019236C /* My Weather */ = {
			isa = PBXGroup;
			children = (
				B1323FD91E092DC60019236C /* AppDelegate.swift */,
				B1323FDB1E092DC60019236C /* WeatherVC.swift */,
				B1323FDD1E092DC60019236C /* Main.storyboard */,
				B1323FE01E092DC60019236C /* Assets.xcassets */,
				B1323FE21E092DC60019236C /* LaunchScreen.storyboard */,
				B1323FE51E092DC60019236C /* Info.plist */,
				B1CB86DC1E0C66A60015FCC7 /* Constants.swift */,
				B1C7CD221E0ED18100972DCE /* CurrentWeather.swift */,
				B1C2CBBD1E10433B00BAF819 /* Forcast.swift */,
				B1C33F8D1E1175AC00C80E6A /* WeatherCell.swift */,
				B16ACDA51E12D35F00A9BDEA /* Location.swift */,
			);
			path = "My Weather";
			sourceTree = "<group>";
		};
		B1323FED1E092DC60019236C /* My WeatherTests */ = {
			isa = PBXGroup;
			children = (
				B1323FEE1E092DC60019236C /* My_WeatherTests.swift */,
				B1323FF01E092DC60019236C /* Info.plist */,
			);
			path = "My WeatherTests";
			sourceTree = "<group>";
		};
/* End PBXGroup section */

/* Begin PBXNativeTarget section */
		B1323FD51E092DC60019236C /* My Weather */ = {
			isa = PBXNativeTarget;
			buildConfigurationList = B1323FF31E092DC60019236C /* Build configuration list for PBXNativeTarget "My Weather" */;
			buildPhases = (
				25629D29D15CEAA0D95A109D /* [CP] Check Pods Manifest.lock */,
				B1323FD21E092DC60019236C /* Sources */,
				B1323FD31E092DC60019236C /* Frameworks */,
				B1323FD41E092DC60019236C /* Resources */,
				7B097A72889ED3D2CE78E045 /* [CP] Embed Pods Frameworks */,
				BF3621C9590694D2B14E1D84 /* [CP] Copy Pods Resources */,
			);
			buildRules = (
			);
			dependencies = (
			);
			name = "My Weather";
			productName = "My Weather";
			productReference = B1323FD61E092DC60019236C /* My Weather.app */;
			productType = "com.apple.product-type.application";
		};
		B1323FE91E092DC60019236C /* My WeatherTests */ = {
			isa = PBXNativeTarget;
			buildConfigurationList = B1323FF61E092DC60019236C /* Build configuration list for PBXNativeTarget "My WeatherTests" */;
			buildPhases = (
				B1323FE61E092DC60019236C /* Sources */,
				B1323FE71E092DC60019236C /* Frameworks */,
				B1323FE81E092DC60019236C /* Resources */,
			);
			buildRules = (
			);
			dependencies = (
				B1323FEC1E092DC60019236C /* PBXTargetDependency */,
			);
			name = "My WeatherTests";
			productName = "My WeatherTests";
			productReference = B1323FEA1E092DC60019236C /* My WeatherTests.xctest */;
			productType = "com.apple.product-type.bundle.unit-test";
		};
/* End PBXNativeTarget section */

/* Begin PBXProject section */
		B1323FCE1E092DC60019236C /* Project object */ = {
			isa = PBXProject;
			attributes = {
				LastSwiftUpdateCheck = 0820;
				LastUpgradeCheck = 0820;
				ORGANIZATIONNAME = Webiaturist;
				TargetAttributes = {
					B1323FD51E092DC60019236C = {
						CreatedOnToolsVersion = 8.2;
						DevelopmentTeam = 87SPWUHL9K;
						ProvisioningStyle = Automatic;
					};
					B1323FE91E092DC60019236C = {
						CreatedOnToolsVersion = 8.2;
						DevelopmentTeam = 87SPWUHL9K;
						ProvisioningStyle = Automatic;
						TestTargetID = B1323FD51E092DC60019236C;
					};
				};
			};
			buildConfigurationList = B1323FD11E092DC60019236C /* Build configuration list for PBXProject "My Weather" */;
			compatibilityVersion = "Xcode 3.2";
			developmentRegion = English;
			hasScannedForEncodings = 0;
			knownRegions = (
				en,
				Base,
			);
			mainGroup = B1323FCD1E092DC60019236C;
			productRefGroup = B1323FD71E092DC60019236C /* Products */;
			projectDirPath = "";
			projectRoot = "";
			targets = (
				B1323FD51E092DC60019236C /* My Weather */,
				B1323FE91E092DC60019236C /* My WeatherTests */,
			);
		};
/* End PBXProject section */

/* Begin PBXResourcesBuildPhase section */
		B1323FD41E092DC60019236C /* Resources */ = {
			isa = PBXResourcesBuildPhase;
			buildActionMask = 2147483647;
			files = (
				B1323FE41E092DC60019236C /* LaunchScreen.storyboard in Resources */,
				B1323FE11E092DC60019236C /* Assets.xcassets in Resources */,
				B1323FDF1E092DC60019236C /* Main.storyboard in Resources */,
			);
			runOnlyForDeploymentPostprocessing = 0;
		};
		B1323FE81E092DC60019236C /* Resources */ = {
			isa = PBXResourcesBuildPhase;
			buildActionMask = 2147483647;
			files = (
			);
			runOnlyForDeploymentPostprocessing = 0;
		};
/* End PBXResourcesBuildPhase section */

/* Begin PBXShellScriptBuildPhase section */
		25629D29D15CEAA0D95A109D /* [CP] Check Pods Manifest.lock */ = {
			isa = PBXShellScriptBuildPhase;
			buildActionMask = 2147483647;
			files = (
			);
			inputPaths = (
			);
			name = "[CP] Check Pods Manifest.lock";
			outputPaths = (
			);
			runOnlyForDeploymentPostprocessing = 0;
			shellPath = /bin/sh;
			shellScript = "diff \"${PODS_ROOT}/../Podfile.lock\" \"${PODS_ROOT}/Manifest.lock\" > /dev/null\nif [ $? != 0 ] ; then\n    # print error to STDERR\n    echo \"error: The sandbox is not in sync with the Podfile.lock. Run 'pod install' or update your CocoaPods installation.\" >&2\n    exit 1\nfi\n";
			showEnvVarsInLog = 0;
		};
		7B097A72889ED3D2CE78E045 /* [CP] Embed Pods Frameworks */ = {
			isa = PBXShellScriptBuildPhase;
			buildActionMask = 2147483647;
			files = (
			);
			inputPaths = (
			);
			name = "[CP] Embed Pods Frameworks";
			outputPaths = (
			);
			runOnlyForDeploymentPostprocessing = 0;
			shellPath = /bin/sh;
			shellScript = "\"${SRCROOT}/Pods/Target Support Files/Pods-My Weather/Pods-My Weather-frameworks.sh\"\n";
			showEnvVarsInLog = 0;
		};
		BF3621C9590694D2B14E1D84 /* [CP] Copy Pods Resources */ = {
			isa = PBXShellScriptBuildPhase;
			buildActionMask = 2147483647;
			files = (
			);
			inputPaths = (
			);
			name = "[CP] Copy Pods Resources";
			outputPaths = (
			);
			runOnlyForDeploymentPostprocessing = 0;
			shellPath = /bin/sh;
			shellScript = "\"${SRCROOT}/Pods/Target Support Files/Pods-My Weather/Pods-My Weather-resources.sh\"\n";
			showEnvVarsInLog = 0;
		};
/* End PBXShellScriptBuildPhase section */

/* Begin PBXSourcesBuildPhase section */
		B1323FD21E092DC60019236C /* Sources */ = {
			isa = PBXSourcesBuildPhase;
			buildActionMask = 2147483647;
			files = (
				B1323FDC1E092DC60019236C /* WeatherVC.swift in Sources */,
				B1C2CBBE1E10433B00BAF819 /* Forcast.swift in Sources */,
				B1C33F8E1E1175AC00C80E6A /* WeatherCell.swift in Sources */,
				B1323FDA1E092DC60019236C /* AppDelegate.swift in Sources */,
				B1C7CD231E0ED18100972DCE /* CurrentWeather.swift in Sources */,
				B1CB86DD1E0C66A60015FCC7 /* Constants.swift in Sources */,
				B16ACDA61E12D35F00A9BDEA /* Location.swift in Sources */,
			);
			runOnlyForDeploymentPostprocessing = 0;
		};
		B1323FE61E092DC60019236C /* Sources */ = {
			isa = PBXSourcesBuildPhase;
			buildActionMask = 2147483647;
			files = (
				B1323FEF1E092DC60019236C /* My_WeatherTests.swift in Sources */,
			);
			runOnlyForDeploymentPostprocessing = 0;
		};
/* End PBXSourcesBuildPhase section */

/* Begin PBXTargetDependency section */
		B1323FEC1E092DC60019236C /* PBXTargetDependency */ = {
			isa = PBXTargetDependency;
			target = B1323FD51E092DC60019236C /* My Weather */;
			targetProxy = B1323FEB1E092DC60019236C /* PBXContainerItemProxy */;
		};
/* End PBXTargetDependency section */

/* Begin PBXVariantGroup section */
		B1323FDD1E092DC60019236C /* Main.storyboard */ = {
			isa = PBXVariantGroup;
			children = (
				B1323FDE1E092DC60019236C /* Base */,
			);
			name = Main.storyboard;
			sourceTree = "<group>";
		};
		B1323FE21E092DC60019236C /* LaunchScreen.storyboard */ = {
			isa = PBXVariantGroup;
			children = (
				B1323FE31E092DC60019236C /* Base */,
			);
			name = LaunchScreen.storyboard;
			sourceTree = "<group>";
		};
/* End PBXVariantGroup section */

/* Begin XCBuildConfiguration section */
		B1323FF11E092DC60019236C /* Debug */ = {
			isa = XCBuildConfiguration;
			buildSettings = {
				ALWAYS_SEARCH_USER_PATHS = NO;
				CLANG_ANALYZER_NONNULL = YES;
				CLANG_CXX_LANGUAGE_STANDARD = "gnu++0x";
				CLANG_CXX_LIBRARY = "libc++";
				CLANG_ENABLE_MODULES = YES;
				CLANG_ENABLE_OBJC_ARC = YES;
				CLANG_WARN_BOOL_CONVERSION = YES;
				CLANG_WARN_CONSTANT_CONVERSION = YES;
				CLANG_WARN_DIRECT_OBJC_ISA_USAGE = YES_ERROR;
				CLANG_WARN_DOCUMENTATION_COMMENTS = YES;
				CLANG_WARN_EMPTY_BODY = YES;
				CLANG_WARN_ENUM_CONVERSION = YES;
				CLANG_WARN_INFINITE_RECURSION = YES;
				CLANG_WARN_INT_CONVERSION = YES;
				CLANG_WARN_OBJC_ROOT_CLASS = YES_ERROR;
				CLANG_WARN_SUSPICIOUS_MOVE = YES;
				CLANG_WARN_UNREACHABLE_CODE = YES;
				CLANG_WARN__DUPLICATE_METHOD_MATCH = YES;
				"CODE_SIGN_IDENTITY[sdk=iphoneos*]" = "iPhone Developer";
				COPY_PHASE_STRIP = NO;
				DEBUG_INFORMATION_FORMAT = dwarf;
				ENABLE_STRICT_OBJC_MSGSEND = YES;
				ENABLE_TESTABILITY = YES;
				GCC_C_LANGUAGE_STANDARD = gnu99;
				GCC_DYNAMIC_NO_PIC = NO;
				GCC_NO_COMMON_BLOCKS = YES;
				GCC_OPTIMIZATION_LEVEL = 0;
				GCC_PREPROCESSOR_DEFINITIONS = (
					"DEBUG=1",
					"$(inherited)",
				);
				GCC_WARN_64_TO_32_BIT_CONVERSION = YES;
				GCC_WARN_ABOUT_RETURN_TYPE = YES_ERROR;
				GCC_WARN_UNDECLARED_SELECTOR = YES;
				GCC_WARN_UNINITIALIZED_AUTOS = YES_AGGRESSIVE;
				GCC_WARN_UNUSED_FUNCTION = YES;
				GCC_WARN_UNUSED_VARIABLE = YES;
				IPHONEOS_DEPLOYMENT_TARGET = 10.2;
				MTL_ENABLE_DEBUG_INFO = YES;
				ONLY_ACTIVE_ARCH = YES;
				SDKROOT = iphoneos;
				SWIFT_ACTIVE_COMPILATION_CONDITIONS = DEBUG;
				SWIFT_OPTIMIZATION_LEVEL = "-Onone";
				TARGETED_DEVICE_FAMILY = "1,2";
			};
			name = Debug;
		};
		B1323FF21E092DC60019236C /* Release */ = {
			isa = XCBuildConfiguration;
			buildSettings = {
				ALWAYS_SEARCH_USER_PATHS = NO;
				CLANG_ANALYZER_NONNULL = YES;
				CLANG_CXX_LANGUAGE_STANDARD = "gnu++0x";
				CLANG_CXX_LIBRARY = "libc++";
				CLANG_ENABLE_MODULES = YES;
				CLANG_ENABLE_OBJC_ARC = YES;
				CLANG_WARN_BOOL_CONVERSION = YES;
				CLANG_WARN_CONSTANT_CONVERSION = YES;
				CLANG_WARN_DIRECT_OBJC_ISA_USAGE = YES_ERROR;
				CLANG_WARN_DOCUMENTATION_COMMENTS = YES;
				CLANG_WARN_EMPTY_BODY = YES;
				CLANG_WARN_ENUM_CONVERSION = YES;
				CLANG_WARN_INFINITE_RECURSION = YES;
				CLANG_WARN_INT_CONVERSION = YES;
				CLANG_WARN_OBJC_ROOT_CLASS = YES_ERROR;
				CLANG_WARN_SUSPICIOUS_MOVE = YES;
				CLANG_WARN_UNREACHABLE_CODE = YES;
				CLANG_WARN__DUPLICATE_METHOD_MATCH = YES;
				"CODE_SIGN_IDENTITY[sdk=iphoneos*]" = "iPhone Developer";
				COPY_PHASE_STRIP = NO;
				DEBUG_INFORMATION_FORMAT = "dwarf-with-dsym";
				ENABLE_NS_ASSERTIONS = NO;
				ENABLE_STRICT_OBJC_MSGSEND = YES;
				GCC_C_LANGUAGE_STANDARD = gnu99;
				GCC_NO_COMMON_BLOCKS = YES;
				GCC_WARN_64_TO_32_BIT_CONVERSION = YES;
				GCC_WARN_ABOUT_RETURN_TYPE = YES_ERROR;
				GCC_WARN_UNDECLARED_SELECTOR = YES;
				GCC_WARN_UNINITIALIZED_AUTOS = YES_AGGRESSIVE;
				GCC_WARN_UNUSED_FUNCTION = YES;
				GCC_WARN_UNUSED_VARIABLE = YES;
				IPHONEOS_DEPLOYMENT_TARGET = 10.2;
				MTL_ENABLE_DEBUG_INFO = NO;
				SDKROOT = iphoneos;
				SWIFT_OPTIMIZATION_LEVEL = "-Owholemodule";
				TARGETED_DEVICE_FAMILY = "1,2";
				VALIDATE_PRODUCT = YES;
			};
			name = Release;
		};
		B1323FF41E092DC60019236C /* Debug */ = {
			isa = XCBuildConfiguration;
			baseConfigurationReference = BF861CE03AE9E22363118E3A /* Pods-My Weather.debug.xcconfig */;
			buildSettings = {
				ASSETCATALOG_COMPILER_APPICON_NAME = AppIcon;
				DEVELOPMENT_TEAM = 87SPWUHL9K;
				INFOPLIST_FILE = "My Weather/Info.plist";
				LD_RUNPATH_SEARCH_PATHS = "$(inherited) @executable_path/Frameworks";
				PRODUCT_BUNDLE_IDENTIFIER = "com.example.My-Weather";
				PRODUCT_NAME = "$(TARGET_NAME)";
				SWIFT_VERSION = 3.0;
			};
			name = Debug;
		};
		B1323FF51E092DC60019236C /* Release */ = {
			isa = XCBuildConfiguration;
			baseConfigurationReference = 7CBDCD080127897A23D808D6 /* Pods-My Weather.release.xcconfig */;
			buildSettings = {
				ASSETCATALOG_COMPILER_APPICON_NAME = AppIcon;
				DEVELOPMENT_TEAM = 87SPWUHL9K;
				INFOPLIST_FILE = "My Weather/Info.plist";
				LD_RUNPATH_SEARCH_PATHS = "$(inherited) @executable_path/Frameworks";
				PRODUCT_BUNDLE_IDENTIFIER = "com.example.My-Weather";
				PRODUCT_NAME = "$(TARGET_NAME)";
				SWIFT_VERSION = 3.0;
			};
			name = Release;
		};
		B1323FF71E092DC60019236C /* Debug */ = {
			isa = XCBuildConfiguration;
			buildSettings = {
				ALWAYS_EMBED_SWIFT_STANDARD_LIBRARIES = YES;
				BUNDLE_LOADER = "$(TEST_HOST)";
				DEVELOPMENT_TEAM = 87SPWUHL9K;
				INFOPLIST_FILE = "My WeatherTests/Info.plist";
				LD_RUNPATH_SEARCH_PATHS = "$(inherited) @executable_path/Frameworks @loader_path/Frameworks";
				PRODUCT_BUNDLE_IDENTIFIER = "com.example.My-WeatherTests";
				PRODUCT_NAME = "$(TARGET_NAME)";
				SWIFT_VERSION = 3.0;
				TEST_HOST = "$(BUILT_PRODUCTS_DIR)/My Weather.app/My Weather";
			};
			name = Debug;
		};
		B1323FF81E092DC60019236C /* Release */ = {
			isa = XCBuildConfiguration;
			buildSettings = {
				ALWAYS_EMBED_SWIFT_STANDARD_LIBRARIES = YES;
				BUNDLE_LOADER = "$(TEST_HOST)";
				DEVELOPMENT_TEAM = 87SPWUHL9K;
				INFOPLIST_FILE = "My WeatherTests/Info.plist";
				LD_RUNPATH_SEARCH_PATHS = "$(inherited) @executable_path/Frameworks @loader_path/Frameworks";
				PRODUCT_BUNDLE_IDENTIFIER = "com.example.My-WeatherTests";
				PRODUCT_NAME = "$(TARGET_NAME)";
				SWIFT_VERSION = 3.0;
				TEST_HOST = "$(BUILT_PRODUCTS_DIR)/My Weather.app/My Weather";
			};
			name = Release;
		};
/* End XCBuildConfiguration section */

/* Begin XCConfigurationList section */
		B1323FD11E092DC60019236C /* Build configuration list for PBXProject "My Weather" */ = {
			isa = XCConfigurationList;
			buildConfigurations = (
				B1323FF11E092DC60019236C /* Debug */,
				B1323FF21E092DC60019236C /* Release */,
			);
			defaultConfigurationIsVisible = 0;
			defaultConfigurationName = Release;
		};
		B1323FF31E092DC60019236C /* Build configuration list for PBXNativeTarget "My Weather" */ = {
			isa = XCConfigurationList;
			buildConfigurations = (
				B1323FF41E092DC60019236C /* Debug */,
				B1323FF51E092DC60019236C /* Release */,
			);
			defaultConfigurationIsVisible = 0;
			defaultConfigurationName = Release;
		};
		B1323FF61E092DC60019236C /* Build configuration list for PBXNativeTarget "My WeatherTests" */ = {
			isa = XCConfigurationList;
			buildConfigurations = (
				B1323FF71E092DC60019236C /* Debug */,
				B1323FF81E092DC60019236C /* Release */,
			);
			defaultConfigurationIsVisible = 0;
			defaultConfigurationName = Release;
		};
/* End XCConfigurationList section */
	};
	rootObject = B1323FCE1E092DC60019236C /* Project object */;
}
